
Microsoft Visual Studio Solution File, Format Version 12.00
# Visual Studio Version 17
VisualStudioVersion = 17.8.34309.116
MinimumVisualStudioVersion = 10.0.40219.1
Project("{9A19103F-16F7-4668-BE54-9A1E7A4F7556}") = "OU.Api", "OU.Api\OU.Api.csproj", "{E89CAD54-7FD3-4487-9F76-34076FF57A3D}"
EndProject
Project("{FAE04EC0-301F-11D3-BF4B-00C04F79EFBC}") = "WinFormsApp1", "WinFormsApp1\WinFormsApp1.csproj", "{452F1337-8278-478A-942D-1C0DA758B784}"
EndProject
Global
	GlobalSection(SolutionConfigurationPlatforms) = preSolution
		Debug|Any CPU = Debug|Any CPU
		Release|Any CPU = Release|Any CPU
	EndGlobalSection
	GlobalSection(ProjectConfigurationPlatforms) = postSolution
		{E89CAD54-7FD3-4487-9F76-34076FF57A3D}.Debug|Any CPU.ActiveCfg = Debug|Any CPU
		{E89CAD54-7FD3-4487-9F76-34076FF57A3D}.Debug|Any CPU.Build.0 = Debug|Any CPU
		{E89CAD54-7FD3-4487-9F76-34076FF57A3D}.Release|Any CPU.ActiveCfg = Release|Any CPU
		{E89CAD54-7FD3-4487-9F76-34076FF57A3D}.Release|Any CPU.Build.0 = Release|Any CPU
		{452F1337-8278-478A-942D-1C0DA758B784}.Debug|Any CPU.ActiveCfg = Debug|Any CPU
		{452F1337-8278-478A-942D-1C0DA758B784}.Debug|Any CPU.Build.0 = Debug|Any CPU
		{452F1337-8278-478A-942D-1C0DA758B784}.Release|Any CPU.ActiveCfg = Release|Any CPU
		{452F1337-8278-478A-942D-1C0DA758B784}.Release|Any CPU.Build.0 = Release|Any CPU
	EndGlobalSection
	GlobalSection(SolutionProperties) = preSolution
		HideSolutionNode = FALSE
	EndGlobalSection
	GlobalSection(ExtensibilityGlobals) = postSolution
		SolutionGuid = {569AE247-781F-4B77-BCC6-77BB753B6297}
	EndGlobalSection
EndGlobal
